github.com/klauspost/compress v1.17.11 h1:In6xLpyWOi1+C7tXUUWv2ot1QvBjxevKAaI6IXrJmUc=
github.com/klauspost/compress v1.17.11/go.mod h1:pMDklpSncoRMuLFrf1W9Ss9KT+0rH90U12bZKk7uwG0=
github.com/pierrec/lz4/v4 v4.1.21 h1:yOVMLb6qSIDP67pl/5F7RepeKYu/VmTyEXvuMI5d9mQ=
github.com/pierrec/lz4/v4 v4.1.21/go.mod h1:gZWDp/Ze/IJXGXf23ltt2EXimqmTUXEy0GFuRQyBid4=
github.com/twmb/franz-go v1.18.0 h1:25FjMZfdozBywVX+5xrWC2W+W76i0xykKjTdEeD2ejw=
github.com/twmb/franz-go v1.18.0/go.mod h1:zXCGy74M0p5FbXsLeASdyvfLFsBvTubVqctIaa5wQ+I=
github.com/twmb/franz-go/pkg/kmsg v1.9.0 h1:JojYUph2TKAau6SBtErXpXGC7E3gg4vGZMv9xFU/B6M=
github.com/twmb/franz-go/pkg/kmsg v1.9.0/go.mod h1:CMbfazviCyY6HM0SXuG5t9vOwYDHRCSrJJyBAe5paqg=
golang.org/x/crypto v0.28.0 h1:GBDwsMXVQi34v5CCYUm2jkJvu4cbtru2U4TN2PSyQnw=
golang.org/x/crypto v0.28.0/go.mod h1:rmgy+3RHxRZMyY0jjAJShp2zgEdOqj2AO7U0pYmeQ7U=
