github.com/klauspost/compress v1.17.0 h1:Rnbp4K9EjcDuVuHtd0dgA4qNuv9yKDYKK1ulpJwgrqM=
github.com/klauspost/compress v1.17.0/go.mod h1:ntbaceVETuRiXiv4DpjP66DpAtAGkEQskQzEyD//IeE=
github.com/pierrec/lz4/v4 v4.1.18 h1:xaKrnTkyoqfh1YItXl56+6KJNVYWlEEPuAQW9xsplYQ=
github.com/pierrec/lz4/v4 v4.1.18/go.mod h1:gZWDp/Ze/IJXGXf23ltt2EXimqmTUXEy0GFuRQyBid4=
github.com/twmb/franz-go v1.15.0 h1:bw5n1COKJzWpkCXG/kMtHrurcS9HSWV6e3If5CUdc+M=
github.com/twmb/franz-go v1.15.0/go.mod h1:nMAvTC2kHtK+ceaSHeHm4dlxC78389M/1DjpOswEgu4=
github.com/twmb/franz-go/pkg/kmsg v1.6.1 h1:tm6hXPv5antMHLasTfKv9R+X03AjHSkSkXhQo2c5ALM=
github.com/twmb/franz-go/pkg/kmsg v1.6.1/go.mod h1:se9Mjdt0Nwzc9lnjJ0HyDtLyBnaBDAd7pCje47OhSyw=
golang.org/x/crypto v0.17.0 h1:r8bRNjWL3GshPW3gkd+RpvzWrZAwPS49OmTGZ/uhM4k=
golang.org/x/crypto v0.17.0/go.mod h1:gCAAfMLgwOJRpTjQ2zCCt2OcSfYMTeZVSRtQlPC7Nq4=
