github.com/klauspost/compress v1.16.7 h1:2mk3MPGNzKyxErAw8YaohYh69+pa4sIQSC0fPGCFR9I=
github.com/klauspost/compress v1.16.7/go.mod h1:ntbaceVETuRiXiv4DpjP66DpAtAGkEQskQzEyD//IeE=
github.com/pierrec/lz4/v4 v4.1.18 h1:xaKrnTkyoqfh1YItXl56+6KJNVYWlEEPuAQW9xsplYQ=
github.com/pierrec/lz4/v4 v4.1.18/go.mod h1:gZWDp/Ze/IJXGXf23ltt2EXimqmTUXEy0GFuRQyBid4=
github.com/twmb/franz-go v1.14.3 h1:cq8rxAnVYU1uF3SRVn8eEaUf+AaXKWlB0Cl3Ca7JSa4=
github.com/twmb/franz-go v1.14.3/go.mod h1:nMAvTC2kHtK+ceaSHeHm4dlxC78389M/1DjpOswEgu4=
github.com/twmb/franz-go/pkg/kmsg v1.6.1 h1:tm6hXPv5antMHLasTfKv9R+X03AjHSkSkXhQo2c5ALM=
github.com/twmb/franz-go/pkg/kmsg v1.6.1/go.mod h1:se9Mjdt0Nwzc9lnjJ0HyDtLyBnaBDAd7pCje47OhSyw=
