github.com/klauspost/compress v1.16.3 h1:XuJt9zzcnaz6a16/OU53ZjWp/v7/42WcR5t2a0PcNQY=
github.com/klauspost/compress v1.16.3/go.mod h1:ntbaceVETuRiXiv4DpjP66DpAtAGkEQskQzEyD//IeE=
github.com/phuslu/log v1.0.83 h1:zfqz5tfFPLF8w0jEscpDxE2aFg1Y1kcbORDPliKdIbU=
github.com/phuslu/log v1.0.83/go.mod h1:yAZh4pv6KxAsJDmJIcVSMxkMiUF7mJbpFN3vROkf0dc=
github.com/pierrec/lz4/v4 v4.1.17 h1:kV4Ip+/hUBC+8T6+2EgburRtkE9ef4nbY3f4dFhGjMc=
github.com/pierrec/lz4/v4 v4.1.17/go.mod h1:gZWDp/Ze/IJXGXf23ltt2EXimqmTUXEy0GFuRQyBid4=
github.com/twmb/franz-go v1.13.0 h1:J4VyTXVlOhiCDCXS56ut2ZRAylaimPXnIqtCq9Wlfbw=
github.com/twmb/franz-go v1.13.0/go.mod h1:jm/FtYxmhxDTN0gNSb26XaJY0irdSVcsckLiR5tQNMk=
github.com/twmb/franz-go/pkg/kmsg v1.4.0 h1:tbp9hxU6m8qZhQTlpGiaIJOm4BXix5lsuEZ7K00dF0s=
github.com/twmb/franz-go/pkg/kmsg v1.4.0/go.mod h1:SxG/xJKhgPu25SamAq0rrucfp7lbzCpEXOC+vH/ELrY=
