github.com/klauspost/compress v1.17.11 h1:In6xLpyWOi1+C7tXUUWv2ot1QvBjxevKAaI6IXrJmUc=
github.com/klauspost/compress v1.17.11/go.mod h1:pMDklpSncoRMuLFrf1W9Ss9KT+0rH90U12bZKk7uwG0=
github.com/pierrec/lz4/v4 v4.1.22 h1:cKFw6uJDK+/gfw5BcDL0JL5aBsAFdsIT18eRtLj7VIU=
github.com/pierrec/lz4/v4 v4.1.22/go.mod h1:gZWDp/Ze/IJXGXf23ltt2EXimqmTUXEy0GFuRQyBid4=
github.com/twmb/franz-go v1.18.1 h1:D75xxCDyvTqBSiImFx2lkPduE39jz1vaD7+FNc+vMkc=
github.com/twmb/franz-go v1.18.1/go.mod h1:Uzo77TarcLTUZeLuGq+9lNpSkfZI+JErv7YJhlDjs9M=
github.com/twmb/franz-go/pkg/kmsg v1.9.0 h1:JojYUph2TKAau6SBtErXpXGC7E3gg4vGZMv9xFU/B6M=
github.com/twmb/franz-go/pkg/kmsg v1.9.0/go.mod h1:CMbfazviCyY6HM0SXuG5t9vOwYDHRCSrJJyBAe5paqg=
golang.org/x/crypto v0.32.0 h1:euUpcYgM8WcP71gNpTqQCn6rC2t6ULUPiOzfWaXVVfc=
golang.org/x/crypto v0.32.0/go.mod h1:ZnnJkOaASj8g0AjIduWNlq2NRxL0PlBrbKVyZ6V/Ugc=
