github.com/klauspost/compress v1.18.2 h1:iiPHWW0YrcFgpBYhsA6D1+fqHssJscY/Tm/y2Uqnapk=
github.com/klauspost/compress v1.18.2/go.mod h1:R0h/fSBs8DE4ENlcrlib3PsXS61voFxhIs2DeRhCvJ4=
github.com/pierrec/lz4/v4 v4.1.22 h1:cKFw6uJDK+/gfw5BcDL0JL5aBsAFdsIT18eRtLj7VIU=
github.com/pierrec/lz4/v4 v4.1.22/go.mod h1:gZWDp/Ze/IJXGXf23ltt2EXimqmTUXEy0GFuRQyBid4=
github.com/twmb/franz-go v1.20.4 h1:1wTvyLTOxS0oJh5ro/DVt2JHVdx7/kGNtmtFhbcr0O0=
github.com/twmb/franz-go v1.20.4/go.mod h1:YCnepDd4gl6vdzG03I5Wa57RnCTIC6DVEyMpDX/J8UA=
github.com/twmb/franz-go/pkg/kadm v1.17.1 h1:Bt02Y/RLgnFO2NP2HVP1kd2TFtGRiJZx+fSArjZDtpw=
github.com/twmb/franz-go/pkg/kadm v1.17.1/go.mod h1:s4duQmrDbloVW9QTMXhs6mViTepze7JLG43xwPcAeTg=
github.com/twmb/franz-go/pkg/kmsg v1.12.0 h1:CbatD7ers1KzDNgJqPbKOq0Bz/WLBdsTH75wgzeVaPc=
github.com/twmb/franz-go/pkg/kmsg v1.12.0/go.mod h1:+DPt4NC8RmI6hqb8G09+3giKObE6uD2Eya6CfqBpeJY=
golang.org/x/crypto v0.45.0 h1:jMBrvKuj23MTlT0bQEOBcAE0mjg8mK9RXFhRH6nyF3Q=
golang.org/x/crypto v0.45.0/go.mod h1:XTGrrkGJve7CYK7J8PEww4aY7gM3qMCElcJQ8n8JdX4=
