github.com/klauspost/compress v1.18.1 h1:bcSGx7UbpBqMChDtsF28Lw6v/G94LPrrbMbdC3JH2co=
github.com/klauspost/compress v1.18.1/go.mod h1:ZQFFVG+MdnR0P+l6wpXgIL4NTtwiKIdBnrBd8Nrxr+0=
github.com/pierrec/lz4/v4 v4.1.22 h1:cKFw6uJDK+/gfw5BcDL0JL5aBsAFdsIT18eRtLj7VIU=
github.com/pierrec/lz4/v4 v4.1.22/go.mod h1:gZWDp/Ze/IJXGXf23ltt2EXimqmTUXEy0GFuRQyBid4=
github.com/twmb/franz-go v1.20.1 h1:ql6+OXi0DPJPSEeOY2zApQu+IssoRLTazl+u2cy5xAo=
github.com/twmb/franz-go v1.20.1/go.mod h1:YCnepDd4gl6vdzG03I5Wa57RnCTIC6DVEyMpDX/J8UA=
github.com/twmb/franz-go/pkg/kadm v1.17.1 h1:Bt02Y/RLgnFO2NP2HVP1kd2TFtGRiJZx+fSArjZDtpw=
github.com/twmb/franz-go/pkg/kadm v1.17.1/go.mod h1:s4duQmrDbloVW9QTMXhs6mViTepze7JLG43xwPcAeTg=
github.com/twmb/franz-go/pkg/kmsg v1.12.0 h1:CbatD7ers1KzDNgJqPbKOq0Bz/WLBdsTH75wgzeVaPc=
github.com/twmb/franz-go/pkg/kmsg v1.12.0/go.mod h1:+DPt4NC8RmI6hqb8G09+3giKObE6uD2Eya6CfqBpeJY=
golang.org/x/crypto v0.43.0 h1:dduJYIi3A3KOfdGOHX8AVZ/jGiyPa3IbBozJ5kNuE04=
golang.org/x/crypto v0.43.0/go.mod h1:BFbav4mRNlXJL4wNeejLpWxB7wMbc79PdRGhWKncxR0=
