github.com/klauspost/compress v1.17.4 h1:Ej5ixsIri7BrIjBkRZLTo6ghwrEtHFk7ijlczPW4fZ4=
github.com/klauspost/compress v1.17.4/go.mod h1:/dCuZOvVtNoHsyb+cuJD3itjs3NbnF6KH9zAO4BDxPM=
github.com/pierrec/lz4/v4 v4.1.19 h1:tYLzDnjDXh9qIxSTKHwXwOYmm9d887Y7Y1ZkyXYHAN4=
github.com/pierrec/lz4/v4 v4.1.19/go.mod h1:gZWDp/Ze/IJXGXf23ltt2EXimqmTUXEy0GFuRQyBid4=
github.com/twmb/franz-go v1.15.3 h1:96nCgxz4DvGPSCumz6giquYy8GGDNsYCwWcloBdjJ4w=
github.com/twmb/franz-go v1.15.3/go.mod h1:aos+d/UBuigWkOs+6WoqEPto47EvC2jipLAO5qrAu48=
github.com/twmb/franz-go/pkg/kmsg v1.7.0 h1:a457IbvezYfA5UkiBvyV3zj0Is3y1i8EJgqjJYoij2E=
github.com/twmb/franz-go/pkg/kmsg v1.7.0/go.mod h1:se9Mjdt0Nwzc9lnjJ0HyDtLyBnaBDAd7pCje47OhSyw=
